# @generated by Move, please check-in and do not edit manually.

[move]
version = 3
manifest_digest = "44A0005608F8C02C7D7A64901C3DEFB8B9CA2714391981C842D43C95FCD9FCC6"
deps_digest = "F8BBB0CCB2491CA29A3DF03D6F92277A4F3574266507ACD77214D37ECA3F3082"
dependencies = [
  { id = "Sui", name = "Sui" },
]

[[move.package]]
id = "MoveStdlib"
source = { git = "https://github.com/MystenLabs/sui.git", rev = "framework/testnet", subdir = "crates/sui-framework/packages/move-stdlib" }

[[move.package]]
id = "Sui"
source = { git = "https://github.com/MystenLabs/sui.git", rev = "framework/testnet", subdir = "crates/sui-framework/packages/sui-framework" }

dependencies = [
  { id = "MoveStdlib", name = "MoveStdlib" },
]

[move.toolchain-version]
compiler-version = "1.42.1"
edition = "2024.beta"
flavor = "sui"

[env]

[env.custom]
chain-id = "5c7c5411"
original-published-id = "0x6092b9877722bbca9c8b6ff4980b182e7e45af81122ecb78fa62f65dc65ddc55"
latest-published-id = "0x6092b9877722bbca9c8b6ff4980b182e7e45af81122ecb78fa62f65dc65ddc55"
published-version = "1"
